// !$*UTF8*$!
{
	archiveVersion = 1;
	classes = {
	};
	objectVersion = 55;
	objects = {

/* Begin PBXBuildFile section */
		1334FF6E2D489C0E32ABA0DD /* Pods_GithubApp_GithubAppUITests.framework in Frameworks */ = {isa = PBXBuildFile; fileRef = 0908B765D91D801B9BF3C913 /* Pods_GithubApp_GithubAppUITests.framework */; };
		4AAB98E81FA1EDE2FC4B062F /* Pods_GithubApp.framework in Frameworks */ = {isa = PBXBuildFile; fileRef = 33C63C26394282AE386A8EF9 /* Pods_GithubApp.framework */; };
		7625A4A227218F8700B9E526 /* AppDelegate.swift in Sources */ = {isa = PBXBuildFile; fileRef = 7625A4A127218F8700B9E526 /* AppDelegate.swift */; };
		7625A4A427218F8700B9E526 /* SceneDelegate.swift in Sources */ = {isa = PBXBuildFile; fileRef = 7625A4A327218F8700B9E526 /* SceneDelegate.swift */; };
		7625A4A627218F8700B9E526 /* ViewController.swift in Sources */ = {isa = PBXBuildFile; fileRef = 7625A4A527218F8700B9E526 /* ViewController.swift */; };
		7625A4A927218F8700B9E526 /* Main.storyboard in Resources */ = {isa = PBXBuildFile; fileRef = 7625A4A727218F8700B9E526 /* Main.storyboard */; };
		7625A4AB27218F8900B9E526 /* Assets.xcassets in Resources */ = {isa = PBXBuildFile; fileRef = 7625A4AA27218F8900B9E526 /* Assets.xcassets */; };
		7625A4AE27218F8900B9E526 /* LaunchScreen.storyboard in Resources */ = {isa = PBXBuildFile; fileRef = 7625A4AC27218F8900B9E526 /* LaunchScreen.storyboard */; };
		7625A4B927218F8900B9E526 /* GithubAppTests.swift in Sources */ = {isa = PBXBuildFile; fileRef = 7625A4B827218F8900B9E526 /* GithubAppTests.swift */; };
		7625A4C327218F8900B9E526 /* GithubAppUITests.swift in Sources */ = {isa = PBXBuildFile; fileRef = 7625A4C227218F8900B9E526 /* GithubAppUITests.swift */; };
		7625A4C527218F8900B9E526 /* GithubAppUITestsLaunchTests.swift in Sources */ = {isa = PBXBuildFile; fileRef = 7625A4C427218F8900B9E526 /* GithubAppUITestsLaunchTests.swift */; };
		7625A4D32721961A00B9E526 /* .swiftlint.yml in Resources */ = {isa = PBXBuildFile; fileRef = 7625A4D22721961A00B9E526 /* .swiftlint.yml */; };
		7625A4DB2721A8DA00B9E526 /* Repository.swift in Sources */ = {isa = PBXBuildFile; fileRef = 7625A4DA2721A8DA00B9E526 /* Repository.swift */; };
		7625A4DD2721A9FD00B9E526 /* Owner.swift in Sources */ = {isa = PBXBuildFile; fileRef = 7625A4DC2721A9FD00B9E526 /* Owner.swift */; };
		7625A4E02721AEC700B9E526 /* Secret.swift in Sources */ = {isa = PBXBuildFile; fileRef = 7625A4DF2721AEC700B9E526 /* Secret.swift */; };
		7625A4E22721B9A700B9E526 /* Endpoint.swift in Sources */ = {isa = PBXBuildFile; fileRef = 7625A4E12721B9A700B9E526 /* Endpoint.swift */; };
		7625A4E42721C0A600B9E526 /* NetworkError.swift in Sources */ = {isa = PBXBuildFile; fileRef = 7625A4E32721C0A600B9E526 /* NetworkError.swift */; };
		764662F627250AF900F2DD84 /* NetworkManagable.swift in Sources */ = {isa = PBXBuildFile; fileRef = 764662F527250AF900F2DD84 /* NetworkManagable.swift */; };
		764662F827250B3900F2DD84 /* RequestManagable.swift in Sources */ = {isa = PBXBuildFile; fileRef = 764662F727250B3800F2DD84 /* RequestManagable.swift */; };
		76936DB32722768F00CB29C0 /* NetworkManager.swift in Sources */ = {isa = PBXBuildFile; fileRef = 76936DB22722768F00CB29C0 /* NetworkManager.swift */; };
		76936DB527227B4E00CB29C0 /* RequestManager.swift in Sources */ = {isa = PBXBuildFile; fileRef = 76936DB427227B4E00CB29C0 /* RequestManager.swift */; };
		ED0FEE096AE40C9801C7C8EA /* Pods_GithubAppTests.framework in Frameworks */ = {isa = PBXBuildFile; fileRef = 443CD752AC77ADAB8BB496F7 /* Pods_GithubAppTests.framework */; };
/* End PBXBuildFile section */

/* Begin PBXContainerItemProxy section */
		7625A4B527218F8900B9E526 /* PBXContainerItemProxy */ = {
			isa = PBXContainerItemProxy;
			containerPortal = 7625A49627218F8700B9E526 /* Project object */;
			proxyType = 1;
			remoteGlobalIDString = 7625A49D27218F8700B9E526;
			remoteInfo = GithubApp;
		};
		7625A4BF27218F8900B9E526 /* PBXContainerItemProxy */ = {
			isa = PBXContainerItemProxy;
			containerPortal = 7625A49627218F8700B9E526 /* Project object */;
			proxyType = 1;
			remoteGlobalIDString = 7625A49D27218F8700B9E526;
			remoteInfo = GithubApp;
		};
/* End PBXContainerItemProxy section */

/* Begin PBXFileReference section */
		006B649D74A11748E5C964D9 /* Pods-GithubAppTests.release.xcconfig */ = {isa = PBXFileReference; includeInIndex = 1; lastKnownFileType = text.xcconfig; name = "Pods-GithubAppTests.release.xcconfig"; path = "Target Support Files/Pods-GithubAppTests/Pods-GithubAppTests.release.xcconfig"; sourceTree = "<group>"; };
		052E571915B33680B53AC7E0 /* Pods-GithubApp.debug.xcconfig */ = {isa = PBXFileReference; includeInIndex = 1; lastKnownFileType = text.xcconfig; name = "Pods-GithubApp.debug.xcconfig"; path = "Target Support Files/Pods-GithubApp/Pods-GithubApp.debug.xcconfig"; sourceTree = "<group>"; };
		0908B765D91D801B9BF3C913 /* Pods_GithubApp_GithubAppUITests.framework */ = {isa = PBXFileReference; explicitFileType = wrapper.framework; includeInIndex = 0; path = Pods_GithubApp_GithubAppUITests.framework; sourceTree = BUILT_PRODUCTS_DIR; };
		1C534CE422484A408F78E472 /* Pods-GithubApp-GithubAppUITests.release.xcconfig */ = {isa = PBXFileReference; includeInIndex = 1; lastKnownFileType = text.xcconfig; name = "Pods-GithubApp-GithubAppUITests.release.xcconfig"; path = "Target Support Files/Pods-GithubApp-GithubAppUITests/Pods-GithubApp-GithubAppUITests.release.xcconfig"; sourceTree = "<group>"; };
		33C63C26394282AE386A8EF9 /* Pods_GithubApp.framework */ = {isa = PBXFileReference; explicitFileType = wrapper.framework; includeInIndex = 0; path = Pods_GithubApp.framework; sourceTree = BUILT_PRODUCTS_DIR; };
		398B26140AE9AAD189AE30D7 /* Pods-GithubAppTests.debug.xcconfig */ = {isa = PBXFileReference; includeInIndex = 1; lastKnownFileType = text.xcconfig; name = "Pods-GithubAppTests.debug.xcconfig"; path = "Target Support Files/Pods-GithubAppTests/Pods-GithubAppTests.debug.xcconfig"; sourceTree = "<group>"; };
		443CD752AC77ADAB8BB496F7 /* Pods_GithubAppTests.framework */ = {isa = PBXFileReference; explicitFileType = wrapper.framework; includeInIndex = 0; path = Pods_GithubAppTests.framework; sourceTree = BUILT_PRODUCTS_DIR; };
		7625A49E27218F8700B9E526 /* GithubApp.app */ = {isa = PBXFileReference; explicitFileType = wrapper.application; includeInIndex = 0; path = GithubApp.app; sourceTree = BUILT_PRODUCTS_DIR; };
		7625A4A127218F8700B9E526 /* AppDelegate.swift */ = {isa = PBXFileReference; lastKnownFileType = sourcecode.swift; path = AppDelegate.swift; sourceTree = "<group>"; };
		7625A4A327218F8700B9E526 /* SceneDelegate.swift */ = {isa = PBXFileReference; lastKnownFileType = sourcecode.swift; path = SceneDelegate.swift; sourceTree = "<group>"; };
		7625A4A527218F8700B9E526 /* ViewController.swift */ = {isa = PBXFileReference; lastKnownFileType = sourcecode.swift; path = ViewController.swift; sourceTree = "<group>"; };
		7625A4A827218F8700B9E526 /* Base */ = {isa = PBXFileReference; lastKnownFileType = file.storyboard; name = Base; path = Base.lproj/Main.storyboard; sourceTree = "<group>"; };
		7625A4AA27218F8900B9E526 /* Assets.xcassets */ = {isa = PBXFileReference; lastKnownFileType = folder.assetcatalog; path = Assets.xcassets; sourceTree = "<group>"; };
		7625A4AD27218F8900B9E526 /* Base */ = {isa = PBXFileReference; lastKnownFileType = file.storyboard; name = Base; path = Base.lproj/LaunchScreen.storyboard; sourceTree = "<group>"; };
		7625A4AF27218F8900B9E526 /* Info.plist */ = {isa = PBXFileReference; lastKnownFileType = text.plist.xml; path = Info.plist; sourceTree = "<group>"; };
		7625A4B427218F8900B9E526 /* GithubAppTests.xctest */ = {isa = PBXFileReference; explicitFileType = wrapper.cfbundle; includeInIndex = 0; path = GithubAppTests.xctest; sourceTree = BUILT_PRODUCTS_DIR; };
		7625A4B827218F8900B9E526 /* GithubAppTests.swift */ = {isa = PBXFileReference; lastKnownFileType = sourcecode.swift; path = GithubAppTests.swift; sourceTree = "<group>"; };
		7625A4BE27218F8900B9E526 /* GithubAppUITests.xctest */ = {isa = PBXFileReference; explicitFileType = wrapper.cfbundle; includeInIndex = 0; path = GithubAppUITests.xctest; sourceTree = BUILT_PRODUCTS_DIR; };
		7625A4C227218F8900B9E526 /* GithubAppUITests.swift */ = {isa = PBXFileReference; lastKnownFileType = sourcecode.swift; path = GithubAppUITests.swift; sourceTree = "<group>"; };
		7625A4C427218F8900B9E526 /* GithubAppUITestsLaunchTests.swift */ = {isa = PBXFileReference; lastKnownFileType = sourcecode.swift; path = GithubAppUITestsLaunchTests.swift; sourceTree = "<group>"; };
		7625A4D22721961A00B9E526 /* .swiftlint.yml */ = {isa = PBXFileReference; lastKnownFileType = text.yaml; path = .swiftlint.yml; sourceTree = "<group>"; };
		7625A4DA2721A8DA00B9E526 /* Repository.swift */ = {isa = PBXFileReference; lastKnownFileType = sourcecode.swift; path = Repository.swift; sourceTree = "<group>"; };
		7625A4DC2721A9FD00B9E526 /* Owner.swift */ = {isa = PBXFileReference; lastKnownFileType = sourcecode.swift; path = Owner.swift; sourceTree = "<group>"; };
		7625A4DF2721AEC700B9E526 /* Secret.swift */ = {isa = PBXFileReference; lastKnownFileType = sourcecode.swift; path = Secret.swift; sourceTree = "<group>"; };
		7625A4E12721B9A700B9E526 /* Endpoint.swift */ = {isa = PBXFileReference; lastKnownFileType = sourcecode.swift; path = Endpoint.swift; sourceTree = "<group>"; };
		7625A4E32721C0A600B9E526 /* NetworkError.swift */ = {isa = PBXFileReference; lastKnownFileType = sourcecode.swift; path = NetworkError.swift; sourceTree = "<group>"; };
		764662F527250AF900F2DD84 /* NetworkManagable.swift */ = {isa = PBXFileReference; lastKnownFileType = sourcecode.swift; path = NetworkManagable.swift; sourceTree = "<group>"; };
		764662F727250B3800F2DD84 /* RequestManagable.swift */ = {isa = PBXFileReference; lastKnownFileType = sourcecode.swift; path = RequestManagable.swift; sourceTree = "<group>"; };
		76936DB22722768F00CB29C0 /* NetworkManager.swift */ = {isa = PBXFileReference; lastKnownFileType = sourcecode.swift; path = NetworkManager.swift; sourceTree = "<group>"; };
		76936DB427227B4E00CB29C0 /* RequestManager.swift */ = {isa = PBXFileReference; lastKnownFileType = sourcecode.swift; path = RequestManager.swift; sourceTree = "<group>"; };
		D17B1BDD98194A84E759A794 /* Pods-GithubApp-GithubAppUITests.debug.xcconfig */ = {isa = PBXFileReference; includeInIndex = 1; lastKnownFileType = text.xcconfig; name = "Pods-GithubApp-GithubAppUITests.debug.xcconfig"; path = "Target Support Files/Pods-GithubApp-GithubAppUITests/Pods-GithubApp-GithubAppUITests.debug.xcconfig"; sourceTree = "<group>"; };
		ECA5D814B4B33FF20AD4E29C /* Pods-GithubApp.release.xcconfig */ = {isa = PBXFileReference; includeInIndex = 1; lastKnownFileType = text.xcconfig; name = "Pods-GithubApp.release.xcconfig"; path = "Target Support Files/Pods-GithubApp/Pods-GithubApp.release.xcconfig"; sourceTree = "<group>"; };
/* End PBXFileReference section */

/* Begin PBXFrameworksBuildPhase section */
		7625A49B27218F8700B9E526 /* Frameworks */ = {
			isa = PBXFrameworksBuildPhase;
			buildActionMask = 2147483647;
			files = (
				4AAB98E81FA1EDE2FC4B062F /* Pods_GithubApp.framework in Frameworks */,
			);
			runOnlyForDeploymentPostprocessing = 0;
		};
		7625A4B127218F8900B9E526 /* Frameworks */ = {
			isa = PBXFrameworksBuildPhase;
			buildActionMask = 2147483647;
			files = (
				ED0FEE096AE40C9801C7C8EA /* Pods_GithubAppTests.framework in Frameworks */,
			);
			runOnlyForDeploymentPostprocessing = 0;
		};
		7625A4BB27218F8900B9E526 /* Frameworks */ = {
			isa = PBXFrameworksBuildPhase;
			buildActionMask = 2147483647;
			files = (
				1334FF6E2D489C0E32ABA0DD /* Pods_GithubApp_GithubAppUITests.framework in Frameworks */,
			);
			runOnlyForDeploymentPostprocessing = 0;
		};
/* End PBXFrameworksBuildPhase section */

/* Begin PBXGroup section */
		0722B2ED8A723852C4CB2777 /* Pods */ = {
			isa = PBXGroup;
			children = (
				052E571915B33680B53AC7E0 /* Pods-GithubApp.debug.xcconfig */,
				ECA5D814B4B33FF20AD4E29C /* Pods-GithubApp.release.xcconfig */,
				D17B1BDD98194A84E759A794 /* Pods-GithubApp-GithubAppUITests.debug.xcconfig */,
				1C534CE422484A408F78E472 /* Pods-GithubApp-GithubAppUITests.release.xcconfig */,
				398B26140AE9AAD189AE30D7 /* Pods-GithubAppTests.debug.xcconfig */,
				006B649D74A11748E5C964D9 /* Pods-GithubAppTests.release.xcconfig */,
			);
			path = Pods;
			sourceTree = "<group>";
		};
		7625A49527218F8700B9E526 = {
			isa = PBXGroup;
			children = (
				7625A4D22721961A00B9E526 /* .swiftlint.yml */,
				7625A4DF2721AEC700B9E526 /* Secret.swift */,
				7625A4A027218F8700B9E526 /* GithubApp */,
				7625A4B727218F8900B9E526 /* GithubAppTests */,
				7625A4C127218F8900B9E526 /* GithubAppUITests */,
				7625A49F27218F8700B9E526 /* Products */,
				0722B2ED8A723852C4CB2777 /* Pods */,
				9ABC33E0D675E65A93A7F278 /* Frameworks */,
			);
			sourceTree = "<group>";
		};
		7625A49F27218F8700B9E526 /* Products */ = {
			isa = PBXGroup;
			children = (
				7625A49E27218F8700B9E526 /* GithubApp.app */,
				7625A4B427218F8900B9E526 /* GithubAppTests.xctest */,
				7625A4BE27218F8900B9E526 /* GithubAppUITests.xctest */,
			);
			name = Products;
			sourceTree = "<group>";
		};
		7625A4A027218F8700B9E526 /* GithubApp */ = {
			isa = PBXGroup;
			children = (
				7625A4AF27218F8900B9E526 /* Info.plist */,
				7625A4D92721A7B200B9E526 /* Resource */,
				7625A4D82721A76C00B9E526 /* Application */,
				7625A4D62721A55200B9E526 /* Data */,
				7625A4D52721A54900B9E526 /* Domain */,
				7625A4D42721A53F00B9E526 /* Presentation */,
			);
			path = GithubApp;
			sourceTree = "<group>";
		};
		7625A4B727218F8900B9E526 /* GithubAppTests */ = {
			isa = PBXGroup;
			children = (
				7625A4B827218F8900B9E526 /* GithubAppTests.swift */,
			);
			path = GithubAppTests;
			sourceTree = "<group>";
		};
		7625A4C127218F8900B9E526 /* GithubAppUITests */ = {
			isa = PBXGroup;
			children = (
				7625A4C227218F8900B9E526 /* GithubAppUITests.swift */,
				7625A4C427218F8900B9E526 /* GithubAppUITestsLaunchTests.swift */,
			);
			path = GithubAppUITests;
			sourceTree = "<group>";
		};
		7625A4D42721A53F00B9E526 /* Presentation */ = {
			isa = PBXGroup;
			children = (
				7625A4A527218F8700B9E526 /* ViewController.swift */,
				7625A4AC27218F8900B9E526 /* LaunchScreen.storyboard */,
				7625A4A727218F8700B9E526 /* Main.storyboard */,
			);
			path = Presentation;
			sourceTree = "<group>";
		};
		7625A4D52721A54900B9E526 /* Domain */ = {
			isa = PBXGroup;
			children = (
				7625A4D72721A5CC00B9E526 /* Entity */,
			);
			path = Domain;
			sourceTree = "<group>";
		};
		7625A4D62721A55200B9E526 /* Data */ = {
			isa = PBXGroup;
			children = (
				7625A4DE2721AC4000B9E526 /* Network */,
			);
			path = Data;
			sourceTree = "<group>";
		};
		7625A4D72721A5CC00B9E526 /* Entity */ = {
			isa = PBXGroup;
			children = (
				7625A4DA2721A8DA00B9E526 /* Repository.swift */,
				7625A4DC2721A9FD00B9E526 /* Owner.swift */,
			);
			path = Entity;
			sourceTree = "<group>";
		};
		7625A4D82721A76C00B9E526 /* Application */ = {
			isa = PBXGroup;
			children = (
				7625A4A127218F8700B9E526 /* AppDelegate.swift */,
				7625A4A327218F8700B9E526 /* SceneDelegate.swift */,
			);
			path = Application;
			sourceTree = "<group>";
		};
		7625A4D92721A7B200B9E526 /* Resource */ = {
			isa = PBXGroup;
			children = (
				7625A4AA27218F8900B9E526 /* Assets.xcassets */,
			);
			path = Resource;
			sourceTree = "<group>";
		};
		7625A4DE2721AC4000B9E526 /* Network */ = {
			isa = PBXGroup;
			children = (
				7625A4E12721B9A700B9E526 /* Endpoint.swift */,
				7625A4E32721C0A600B9E526 /* NetworkError.swift */,
				76936DB22722768F00CB29C0 /* NetworkManager.swift */,
				76936DB427227B4E00CB29C0 /* RequestManager.swift */,
				764662F527250AF900F2DD84 /* NetworkManagable.swift */,
				764662F727250B3800F2DD84 /* RequestManagable.swift */,
			);
			path = Network;
			sourceTree = "<group>";
		};
		9ABC33E0D675E65A93A7F278 /* Frameworks */ = {
			isa = PBXGroup;
			children = (
				33C63C26394282AE386A8EF9 /* Pods_GithubApp.framework */,
				0908B765D91D801B9BF3C913 /* Pods_GithubApp_GithubAppUITests.framework */,
				443CD752AC77ADAB8BB496F7 /* Pods_GithubAppTests.framework */,
			);
			name = Frameworks;
			sourceTree = "<group>";
		};
/* End PBXGroup section */

/* Begin PBXNativeTarget section */
		7625A49D27218F8700B9E526 /* GithubApp */ = {
			isa = PBXNativeTarget;
			buildConfigurationList = 7625A4C827218F8900B9E526 /* Build configuration list for PBXNativeTarget "GithubApp" */;
			buildPhases = (
				95D5CA0980648C7B2FD1F25A /* [CP] Check Pods Manifest.lock */,
				7625A49A27218F8700B9E526 /* Sources */,
				7625A49B27218F8700B9E526 /* Frameworks */,
				7625A49C27218F8700B9E526 /* Resources */,
				7625A4D12721959D00B9E526 /* ShellScript */,
				51314B6A44C03F1F5D1A8F89 /* [CP] Embed Pods Frameworks */,
			);
			buildRules = (
			);
			dependencies = (
			);
			name = GithubApp;
			productName = GithubApp;
			productReference = 7625A49E27218F8700B9E526 /* GithubApp.app */;
			productType = "com.apple.product-type.application";
		};
		7625A4B327218F8900B9E526 /* GithubAppTests */ = {
			isa = PBXNativeTarget;
			buildConfigurationList = 7625A4CB27218F8900B9E526 /* Build configuration list for PBXNativeTarget "GithubAppTests" */;
			buildPhases = (
				3FFE1098D41BDB2B1C1BF170 /* [CP] Check Pods Manifest.lock */,
				7625A4B027218F8900B9E526 /* Sources */,
				7625A4B127218F8900B9E526 /* Frameworks */,
				7625A4B227218F8900B9E526 /* Resources */,
			);
			buildRules = (
			);
			dependencies = (
				7625A4B627218F8900B9E526 /* PBXTargetDependency */,
			);
			name = GithubAppTests;
			productName = GithubAppTests;
			productReference = 7625A4B427218F8900B9E526 /* GithubAppTests.xctest */;
			productType = "com.apple.product-type.bundle.unit-test";
		};
		7625A4BD27218F8900B9E526 /* GithubAppUITests */ = {
			isa = PBXNativeTarget;
			buildConfigurationList = 7625A4CE27218F8900B9E526 /* Build configuration list for PBXNativeTarget "GithubAppUITests" */;
			buildPhases = (
				FBC2670A71F540D49DD3C894 /* [CP] Check Pods Manifest.lock */,
				7625A4BA27218F8900B9E526 /* Sources */,
				7625A4BB27218F8900B9E526 /* Frameworks */,
				7625A4BC27218F8900B9E526 /* Resources */,
				5C7BA91C53F8DFF4E1A4E468 /* [CP] Embed Pods Frameworks */,
			);
			buildRules = (
			);
			dependencies = (
				7625A4C027218F8900B9E526 /* PBXTargetDependency */,
			);
			name = GithubAppUITests;
			productName = GithubAppUITests;
			productReference = 7625A4BE27218F8900B9E526 /* GithubAppUITests.xctest */;
			productType = "com.apple.product-type.bundle.ui-testing";
		};
/* End PBXNativeTarget section */

/* Begin PBXProject section */
		7625A49627218F8700B9E526 /* Project object */ = {
			isa = PBXProject;
			attributes = {
				BuildIndependentTargetsInParallel = 1;
				LastSwiftUpdateCheck = 1300;
				LastUpgradeCheck = 1300;
				TargetAttributes = {
					7625A49D27218F8700B9E526 = {
						CreatedOnToolsVersion = 13.0;
					};
					7625A4B327218F8900B9E526 = {
						CreatedOnToolsVersion = 13.0;
						TestTargetID = 7625A49D27218F8700B9E526;
					};
					7625A4BD27218F8900B9E526 = {
						CreatedOnToolsVersion = 13.0;
						TestTargetID = 7625A49D27218F8700B9E526;
					};
				};
			};
			buildConfigurationList = 7625A49927218F8700B9E526 /* Build configuration list for PBXProject "GithubApp" */;
			compatibilityVersion = "Xcode 13.0";
			developmentRegion = en;
			hasScannedForEncodings = 0;
			knownRegions = (
				en,
				Base,
			);
			mainGroup = 7625A49527218F8700B9E526;
			productRefGroup = 7625A49F27218F8700B9E526 /* Products */;
			projectDirPath = "";
			projectRoot = "";
			targets = (
				7625A49D27218F8700B9E526 /* GithubApp */,
				7625A4B327218F8900B9E526 /* GithubAppTests */,
				7625A4BD27218F8900B9E526 /* GithubAppUITests */,
			);
		};
/* End PBXProject section */

/* Begin PBXResourcesBuildPhase section */
		7625A49C27218F8700B9E526 /* Resources */ = {
			isa = PBXResourcesBuildPhase;
			buildActionMask = 2147483647;
			files = (
				7625A4D32721961A00B9E526 /* .swiftlint.yml in Resources */,
				7625A4AE27218F8900B9E526 /* LaunchScreen.storyboard in Resources */,
				7625A4AB27218F8900B9E526 /* Assets.xcassets in Resources */,
				7625A4A927218F8700B9E526 /* Main.storyboard in Resources */,
			);
			runOnlyForDeploymentPostprocessing = 0;
		};
		7625A4B227218F8900B9E526 /* Resources */ = {
			isa = PBXResourcesBuildPhase;
			buildActionMask = 2147483647;
			files = (
			);
			runOnlyForDeploymentPostprocessing = 0;
		};
		7625A4BC27218F8900B9E526 /* Resources */ = {
			isa = PBXResourcesBuildPhase;
			buildActionMask = 2147483647;
			files = (
			);
			runOnlyForDeploymentPostprocessing = 0;
		};
/* End PBXResourcesBuildPhase section */

/* Begin PBXShellScriptBuildPhase section */
		3FFE1098D41BDB2B1C1BF170 /* [CP] Check Pods Manifest.lock */ = {
			isa = PBXShellScriptBuildPhase;
			buildActionMask = 2147483647;
			files = (
			);
			inputFileListPaths = (
			);
			inputPaths = (
				"${PODS_PODFILE_DIR_PATH}/Podfile.lock",
				"${PODS_ROOT}/Manifest.lock",
			);
			name = "[CP] Check Pods Manifest.lock";
			outputFileListPaths = (
			);
			outputPaths = (
				"$(DERIVED_FILE_DIR)/Pods-GithubAppTests-checkManifestLockResult.txt",
			);
			runOnlyForDeploymentPostprocessing = 0;
			shellPath = /bin/sh;
			shellScript = "diff \"${PODS_PODFILE_DIR_PATH}/Podfile.lock\" \"${PODS_ROOT}/Manifest.lock\" > /dev/null\nif [ $? != 0 ] ; then\n    # print error to STDERR\n    echo \"error: The sandbox is not in sync with the Podfile.lock. Run 'pod install' or update your CocoaPods installation.\" >&2\n    exit 1\nfi\n# This output is used by Xcode 'outputs' to avoid re-running this script phase.\necho \"SUCCESS\" > \"${SCRIPT_OUTPUT_FILE_0}\"\n";
			showEnvVarsInLog = 0;
		};
		51314B6A44C03F1F5D1A8F89 /* [CP] Embed Pods Frameworks */ = {
			isa = PBXShellScriptBuildPhase;
			buildActionMask = 2147483647;
			files = (
			);
			inputFileListPaths = (
				"${PODS_ROOT}/Target Support Files/Pods-GithubApp/Pods-GithubApp-frameworks-${CONFIGURATION}-input-files.xcfilelist",
			);
			name = "[CP] Embed Pods Frameworks";
			outputFileListPaths = (
				"${PODS_ROOT}/Target Support Files/Pods-GithubApp/Pods-GithubApp-frameworks-${CONFIGURATION}-output-files.xcfilelist",
			);
			runOnlyForDeploymentPostprocessing = 0;
			shellPath = /bin/sh;
			shellScript = "\"${PODS_ROOT}/Target Support Files/Pods-GithubApp/Pods-GithubApp-frameworks.sh\"\n";
			showEnvVarsInLog = 0;
		};
		5C7BA91C53F8DFF4E1A4E468 /* [CP] Embed Pods Frameworks */ = {
			isa = PBXShellScriptBuildPhase;
			buildActionMask = 2147483647;
			files = (
			);
			inputFileListPaths = (
				"${PODS_ROOT}/Target Support Files/Pods-GithubApp-GithubAppUITests/Pods-GithubApp-GithubAppUITests-frameworks-${CONFIGURATION}-input-files.xcfilelist",
			);
			name = "[CP] Embed Pods Frameworks";
			outputFileListPaths = (
				"${PODS_ROOT}/Target Support Files/Pods-GithubApp-GithubAppUITests/Pods-GithubApp-GithubAppUITests-frameworks-${CONFIGURATION}-output-files.xcfilelist",
			);
			runOnlyForDeploymentPostprocessing = 0;
			shellPath = /bin/sh;
			shellScript = "\"${PODS_ROOT}/Target Support Files/Pods-GithubApp-GithubAppUITests/Pods-GithubApp-GithubAppUITests-frameworks.sh\"\n";
			showEnvVarsInLog = 0;
		};
		7625A4D12721959D00B9E526 /* ShellScript */ = {
			isa = PBXShellScriptBuildPhase;
			buildActionMask = 2147483647;
			files = (
			);
			inputFileListPaths = (
			);
			inputPaths = (
			);
			outputFileListPaths = (
			);
			outputPaths = (
			);
			runOnlyForDeploymentPostprocessing = 0;
			shellPath = /bin/sh;
			shellScript = "${PODS_ROOT}/SwiftLint/swiftlint\n";
		};
		95D5CA0980648C7B2FD1F25A /* [CP] Check Pods Manifest.lock */ = {
			isa = PBXShellScriptBuildPhase;
			buildActionMask = 2147483647;
			files = (
			);
			inputFileListPaths = (
			);
			inputPaths = (
				"${PODS_PODFILE_DIR_PATH}/Podfile.lock",
				"${PODS_ROOT}/Manifest.lock",
			);
			name = "[CP] Check Pods Manifest.lock";
			outputFileListPaths = (
			);
			outputPaths = (
				"$(DERIVED_FILE_DIR)/Pods-GithubApp-checkManifestLockResult.txt",
			);
			runOnlyForDeploymentPostprocessing = 0;
			shellPath = /bin/sh;
			shellScript = "diff \"${PODS_PODFILE_DIR_PATH}/Podfile.lock\" \"${PODS_ROOT}/Manifest.lock\" > /dev/null\nif [ $? != 0 ] ; then\n    # print error to STDERR\n    echo \"error: The sandbox is not in sync with the Podfile.lock. Run 'pod install' or update your CocoaPods installation.\" >&2\n    exit 1\nfi\n# This output is used by Xcode 'outputs' to avoid re-running this script phase.\necho \"SUCCESS\" > \"${SCRIPT_OUTPUT_FILE_0}\"\n";
			showEnvVarsInLog = 0;
		};
		FBC2670A71F540D49DD3C894 /* [CP] Check Pods Manifest.lock */ = {
			isa = PBXShellScriptBuildPhase;
			buildActionMask = 2147483647;
			files = (
			);
			inputFileListPaths = (
			);
			inputPaths = (
				"${PODS_PODFILE_DIR_PATH}/Podfile.lock",
				"${PODS_ROOT}/Manifest.lock",
			);
			name = "[CP] Check Pods Manifest.lock";
			outputFileListPaths = (
			);
			outputPaths = (
				"$(DERIVED_FILE_DIR)/Pods-GithubApp-GithubAppUITests-checkManifestLockResult.txt",
			);
			runOnlyForDeploymentPostprocessing = 0;
			shellPath = /bin/sh;
			shellScript = "diff \"${PODS_PODFILE_DIR_PATH}/Podfile.lock\" \"${PODS_ROOT}/Manifest.lock\" > /dev/null\nif [ $? != 0 ] ; then\n    # print error to STDERR\n    echo \"error: The sandbox is not in sync with the Podfile.lock. Run 'pod install' or update your CocoaPods installation.\" >&2\n    exit 1\nfi\n# This output is used by Xcode 'outputs' to avoid re-running this script phase.\necho \"SUCCESS\" > \"${SCRIPT_OUTPUT_FILE_0}\"\n";
			showEnvVarsInLog = 0;
		};
/* End PBXShellScriptBuildPhase section */

/* Begin PBXSourcesBuildPhase section */
		7625A49A27218F8700B9E526 /* Sources */ = {
			isa = PBXSourcesBuildPhase;
			buildActionMask = 2147483647;
			files = (
				76936DB32722768F00CB29C0 /* NetworkManager.swift in Sources */,
				7625A4E22721B9A700B9E526 /* Endpoint.swift in Sources */,
				7625A4E42721C0A600B9E526 /* NetworkError.swift in Sources */,
				7625A4A627218F8700B9E526 /* ViewController.swift in Sources */,
				7625A4E02721AEC700B9E526 /* Secret.swift in Sources */,
				7625A4A227218F8700B9E526 /* AppDelegate.swift in Sources */,
				764662F827250B3900F2DD84 /* RequestManagable.swift in Sources */,
				7625A4A427218F8700B9E526 /* SceneDelegate.swift in Sources */,
				76936DB527227B4E00CB29C0 /* RequestManager.swift in Sources */,
				764662F627250AF900F2DD84 /* NetworkManagable.swift in Sources */,
				7625A4DD2721A9FD00B9E526 /* Owner.swift in Sources */,
				7625A4DB2721A8DA00B9E526 /* Repository.swift in Sources */,
			);
			runOnlyForDeploymentPostprocessing = 0;
		};
		7625A4B027218F8900B9E526 /* Sources */ = {
			isa = PBXSourcesBuildPhase;
			buildActionMask = 2147483647;
			files = (
				7625A4B927218F8900B9E526 /* GithubAppTests.swift in Sources */,
			);
			runOnlyForDeploymentPostprocessing = 0;
		};
		7625A4BA27218F8900B9E526 /* Sources */ = {
			isa = PBXSourcesBuildPhase;
			buildActionMask = 2147483647;
			files = (
				7625A4C327218F8900B9E526 /* GithubAppUITests.swift in Sources */,
				7625A4C527218F8900B9E526 /* GithubAppUITestsLaunchTests.swift in Sources */,
			);
			runOnlyForDeploymentPostprocessing = 0;
		};
/* End PBXSourcesBuildPhase section */

/* Begin PBXTargetDependency section */
		7625A4B627218F8900B9E526 /* PBXTargetDependency */ = {
			isa = PBXTargetDependency;
			target = 7625A49D27218F8700B9E526 /* GithubApp */;
			targetProxy = 7625A4B527218F8900B9E526 /* PBXContainerItemProxy */;
		};
		7625A4C027218F8900B9E526 /* PBXTargetDependency */ = {
			isa = PBXTargetDependency;
			target = 7625A49D27218F8700B9E526 /* GithubApp */;
			targetProxy = 7625A4BF27218F8900B9E526 /* PBXContainerItemProxy */;
		};
/* End PBXTargetDependency section */

/* Begin PBXVariantGroup section */
		7625A4A727218F8700B9E526 /* Main.storyboard */ = {
			isa = PBXVariantGroup;
			children = (
				7625A4A827218F8700B9E526 /* Base */,
			);
			name = Main.storyboard;
			sourceTree = "<group>";
		};
		7625A4AC27218F8900B9E526 /* LaunchScreen.storyboard */ = {
			isa = PBXVariantGroup;
			children = (
				7625A4AD27218F8900B9E526 /* Base */,
			);
			name = LaunchScreen.storyboard;
			sourceTree = "<group>";
		};
/* End PBXVariantGroup section */

/* Begin XCBuildConfiguration section */
		7625A4C627218F8900B9E526 /* Debug */ = {
			isa = XCBuildConfiguration;
			buildSettings = {
				ALWAYS_SEARCH_USER_PATHS = NO;
				CLANG_ANALYZER_NONNULL = YES;
				CLANG_ANALYZER_NUMBER_OBJECT_CONVERSION = YES_AGGRESSIVE;
				CLANG_CXX_LANGUAGE_STANDARD = "gnu++17";
				CLANG_CXX_LIBRARY = "libc++";
				CLANG_ENABLE_MODULES = YES;
				CLANG_ENABLE_OBJC_ARC = YES;
				CLANG_ENABLE_OBJC_WEAK = YES;
				CLANG_WARN_BLOCK_CAPTURE_AUTORELEASING = YES;
				CLANG_WARN_BOOL_CONVERSION = YES;
				CLANG_WARN_COMMA = YES;
				CLANG_WARN_CONSTANT_CONVERSION = YES;
				CLANG_WARN_DEPRECATED_OBJC_IMPLEMENTATIONS = YES;
				CLANG_WARN_DIRECT_OBJC_ISA_USAGE = YES_ERROR;
				CLANG_WARN_DOCUMENTATION_COMMENTS = YES;
				CLANG_WARN_EMPTY_BODY = YES;
				CLANG_WARN_ENUM_CONVERSION = YES;
				CLANG_WARN_INFINITE_RECURSION = YES;
				CLANG_WARN_INT_CONVERSION = YES;
				CLANG_WARN_NON_LITERAL_NULL_CONVERSION = YES;
				CLANG_WARN_OBJC_IMPLICIT_RETAIN_SELF = YES;
				CLANG_WARN_OBJC_LITERAL_CONVERSION = YES;
				CLANG_WARN_OBJC_ROOT_CLASS = YES_ERROR;
				CLANG_WARN_QUOTED_INCLUDE_IN_FRAMEWORK_HEADER = YES;
				CLANG_WARN_RANGE_LOOP_ANALYSIS = YES;
				CLANG_WARN_STRICT_PROTOTYPES = YES;
				CLANG_WARN_SUSPICIOUS_MOVE = YES;
				CLANG_WARN_UNGUARDED_AVAILABILITY = YES_AGGRESSIVE;
				CLANG_WARN_UNREACHABLE_CODE = YES;
				CLANG_WARN__DUPLICATE_METHOD_MATCH = YES;
				COPY_PHASE_STRIP = NO;
				DEBUG_INFORMATION_FORMAT = dwarf;
				ENABLE_STRICT_OBJC_MSGSEND = YES;
				ENABLE_TESTABILITY = YES;
				GCC_C_LANGUAGE_STANDARD = gnu11;
				GCC_DYNAMIC_NO_PIC = NO;
				GCC_NO_COMMON_BLOCKS = YES;
				GCC_OPTIMIZATION_LEVEL = 0;
				GCC_PREPROCESSOR_DEFINITIONS = (
					"DEBUG=1",
					"$(inherited)",
				);
				GCC_WARN_64_TO_32_BIT_CONVERSION = YES;
				GCC_WARN_ABOUT_RETURN_TYPE = YES_ERROR;
				GCC_WARN_UNDECLARED_SELECTOR = YES;
				GCC_WARN_UNINITIALIZED_AUTOS = YES_AGGRESSIVE;
				GCC_WARN_UNUSED_FUNCTION = YES;
				GCC_WARN_UNUSED_VARIABLE = YES;
				IPHONEOS_DEPLOYMENT_TARGET = 15.0;
				MTL_ENABLE_DEBUG_INFO = INCLUDE_SOURCE;
				MTL_FAST_MATH = YES;
				ONLY_ACTIVE_ARCH = YES;
				SDKROOT = iphoneos;
				SWIFT_ACTIVE_COMPILATION_CONDITIONS = DEBUG;
				SWIFT_OPTIMIZATION_LEVEL = "-Onone";
			};
			name = Debug;
		};
		7625A4C727218F8900B9E526 /* Release */ = {
			isa = XCBuildConfiguration;
			buildSettings = {
				ALWAYS_SEARCH_USER_PATHS = NO;
				CLANG_ANALYZER_NONNULL = YES;
				CLANG_ANALYZER_NUMBER_OBJECT_CONVERSION = YES_AGGRESSIVE;
				CLANG_CXX_LANGUAGE_STANDARD = "gnu++17";
				CLANG_CXX_LIBRARY = "libc++";
				CLANG_ENABLE_MODULES = YES;
				CLANG_ENABLE_OBJC_ARC = YES;
				CLANG_ENABLE_OBJC_WEAK = YES;
				CLANG_WARN_BLOCK_CAPTURE_AUTORELEASING = YES;
				CLANG_WARN_BOOL_CONVERSION = YES;
				CLANG_WARN_COMMA = YES;
				CLANG_WARN_CONSTANT_CONVERSION = YES;
				CLANG_WARN_DEPRECATED_OBJC_IMPLEMENTATIONS = YES;
				CLANG_WARN_DIRECT_OBJC_ISA_USAGE = YES_ERROR;
				CLANG_WARN_DOCUMENTATION_COMMENTS = YES;
				CLANG_WARN_EMPTY_BODY = YES;
				CLANG_WARN_ENUM_CONVERSION = YES;
				CLANG_WARN_INFINITE_RECURSION = YES;
				CLANG_WARN_INT_CONVERSION = YES;
				CLANG_WARN_NON_LITERAL_NULL_CONVERSION = YES;
				CLANG_WARN_OBJC_IMPLICIT_RETAIN_SELF = YES;
				CLANG_WARN_OBJC_LITERAL_CONVERSION = YES;
				CLANG_WARN_OBJC_ROOT_CLASS = YES_ERROR;
				CLANG_WARN_QUOTED_INCLUDE_IN_FRAMEWORK_HEADER = YES;
				CLANG_WARN_RANGE_LOOP_ANALYSIS = YES;
				CLANG_WARN_STRICT_PROTOTYPES = YES;
				CLANG_WARN_SUSPICIOUS_MOVE = YES;
				CLANG_WARN_UNGUARDED_AVAILABILITY = YES_AGGRESSIVE;
				CLANG_WARN_UNREACHABLE_CODE = YES;
				CLANG_WARN__DUPLICATE_METHOD_MATCH = YES;
				COPY_PHASE_STRIP = NO;
				DEBUG_INFORMATION_FORMAT = "dwarf-with-dsym";
				ENABLE_NS_ASSERTIONS = NO;
				ENABLE_STRICT_OBJC_MSGSEND = YES;
				GCC_C_LANGUAGE_STANDARD = gnu11;
				GCC_NO_COMMON_BLOCKS = YES;
				GCC_WARN_64_TO_32_BIT_CONVERSION = YES;
				GCC_WARN_ABOUT_RETURN_TYPE = YES_ERROR;
				GCC_WARN_UNDECLARED_SELECTOR = YES;
				GCC_WARN_UNINITIALIZED_AUTOS = YES_AGGRESSIVE;
				GCC_WARN_UNUSED_FUNCTION = YES;
				GCC_WARN_UNUSED_VARIABLE = YES;
				IPHONEOS_DEPLOYMENT_TARGET = 15.0;
				MTL_ENABLE_DEBUG_INFO = NO;
				MTL_FAST_MATH = YES;
				SDKROOT = iphoneos;
				SWIFT_COMPILATION_MODE = wholemodule;
				SWIFT_OPTIMIZATION_LEVEL = "-O";
				VALIDATE_PRODUCT = YES;
			};
			name = Release;
		};
		7625A4C927218F8900B9E526 /* Debug */ = {
			isa = XCBuildConfiguration;
			baseConfigurationReference = 052E571915B33680B53AC7E0 /* Pods-GithubApp.debug.xcconfig */;
			buildSettings = {
				ASSETCATALOG_COMPILER_APPICON_NAME = AppIcon;
				ASSETCATALOG_COMPILER_GLOBAL_ACCENT_COLOR_NAME = AccentColor;
				CODE_SIGN_STYLE = Automatic;
				CURRENT_PROJECT_VERSION = 1;
				DEVELOPMENT_TEAM = 7A464AFW63;
				GENERATE_INFOPLIST_FILE = YES;
				INFOPLIST_FILE = GithubApp/Info.plist;
				INFOPLIST_KEY_UIApplicationSupportsIndirectInputEvents = YES;
				INFOPLIST_KEY_UILaunchStoryboardName = LaunchScreen;
				INFOPLIST_KEY_UIMainStoryboardFile = Main;
				INFOPLIST_KEY_UISupportedInterfaceOrientations_iPad = "UIInterfaceOrientationPortrait UIInterfaceOrientationPortraitUpsideDown UIInterfaceOrientationLandscapeLeft UIInterfaceOrientationLandscapeRight";
				INFOPLIST_KEY_UISupportedInterfaceOrientations_iPhone = "UIInterfaceOrientationPortrait UIInterfaceOrientationLandscapeLeft UIInterfaceOrientationLandscapeRight";
				LD_RUNPATH_SEARCH_PATHS = (
					"$(inherited)",
					"@executable_path/Frameworks",
				);
				MARKETING_VERSION = 1.0;
				PRODUCT_BUNDLE_IDENTIFIER = co.zzisun.GithubApp;
				PRODUCT_NAME = "$(TARGET_NAME)";
				SWIFT_EMIT_LOC_STRINGS = YES;
				SWIFT_VERSION = 5.0;
				TARGETED_DEVICE_FAMILY = "1,2";
			};
			name = Debug;
		};
		7625A4CA27218F8900B9E526 /* Release */ = {
			isa = XCBuildConfiguration;
			baseConfigurationReference = ECA5D814B4B33FF20AD4E29C /* Pods-GithubApp.release.xcconfig */;
			buildSettings = {
				ASSETCATALOG_COMPILER_APPICON_NAME = AppIcon;
				ASSETCATALOG_COMPILER_GLOBAL_ACCENT_COLOR_NAME = AccentColor;
				CODE_SIGN_STYLE = Automatic;
				CURRENT_PROJECT_VERSION = 1;
				DEVELOPMENT_TEAM = 7A464AFW63;
				GENERATE_INFOPLIST_FILE = YES;
				INFOPLIST_FILE = GithubApp/Info.plist;
				INFOPLIST_KEY_UIApplicationSupportsIndirectInputEvents = YES;
				INFOPLIST_KEY_UILaunchStoryboardName = LaunchScreen;
				INFOPLIST_KEY_UIMainStoryboardFile = Main;
				INFOPLIST_KEY_UISupportedInterfaceOrientations_iPad = "UIInterfaceOrientationPortrait UIInterfaceOrientationPortraitUpsideDown UIInterfaceOrientationLandscapeLeft UIInterfaceOrientationLandscapeRight";
				INFOPLIST_KEY_UISupportedInterfaceOrientations_iPhone = "UIInterfaceOrientationPortrait UIInterfaceOrientationLandscapeLeft UIInterfaceOrientationLandscapeRight";
				LD_RUNPATH_SEARCH_PATHS = (
					"$(inherited)",
					"@executable_path/Frameworks",
				);
				MARKETING_VERSION = 1.0;
				PRODUCT_BUNDLE_IDENTIFIER = co.zzisun.GithubApp;
				PRODUCT_NAME = "$(TARGET_NAME)";
				SWIFT_EMIT_LOC_STRINGS = YES;
				SWIFT_VERSION = 5.0;
				TARGETED_DEVICE_FAMILY = "1,2";
			};
			name = Release;
		};
		7625A4CC27218F8900B9E526 /* Debug */ = {
			isa = XCBuildConfiguration;
			baseConfigurationReference = 398B26140AE9AAD189AE30D7 /* Pods-GithubAppTests.debug.xcconfig */;
			buildSettings = {
				ALWAYS_EMBED_SWIFT_STANDARD_LIBRARIES = YES;
				BUNDLE_LOADER = "$(TEST_HOST)";
				CODE_SIGN_STYLE = Automatic;
				CURRENT_PROJECT_VERSION = 1;
				DEVELOPMENT_TEAM = 7A464AFW63;
				GENERATE_INFOPLIST_FILE = YES;
				IPHONEOS_DEPLOYMENT_TARGET = 15.0;
				LD_RUNPATH_SEARCH_PATHS = (
					"$(inherited)",
					"@executable_path/Frameworks",
					"@loader_path/Frameworks",
				);
				MARKETING_VERSION = 1.0;
				PRODUCT_BUNDLE_IDENTIFIER = co.zzisun.GithubAppTests;
				PRODUCT_NAME = "$(TARGET_NAME)";
				SWIFT_EMIT_LOC_STRINGS = NO;
				SWIFT_VERSION = 5.0;
				TARGETED_DEVICE_FAMILY = "1,2";
				TEST_HOST = "$(BUILT_PRODUCTS_DIR)/GithubApp.app/GithubApp";
			};
			name = Debug;
		};
		7625A4CD27218F8900B9E526 /* Release */ = {
			isa = XCBuildConfiguration;
			baseConfigurationReference = 006B649D74A11748E5C964D9 /* Pods-GithubAppTests.release.xcconfig */;
			buildSettings = {
				ALWAYS_EMBED_SWIFT_STANDARD_LIBRARIES = YES;
				BUNDLE_LOADER = "$(TEST_HOST)";
				CODE_SIGN_STYLE = Automatic;
				CURRENT_PROJECT_VERSION = 1;
				DEVELOPMENT_TEAM = 7A464AFW63;
				GENERATE_INFOPLIST_FILE = YES;
				IPHONEOS_DEPLOYMENT_TARGET = 15.0;
				LD_RUNPATH_SEARCH_PATHS = (
					"$(inherited)",
					"@executable_path/Frameworks",
					"@loader_path/Frameworks",
				);
				MARKETING_VERSION = 1.0;
				PRODUCT_BUNDLE_IDENTIFIER = co.zzisun.GithubAppTests;
				PRODUCT_NAME = "$(TARGET_NAME)";
				SWIFT_EMIT_LOC_STRINGS = NO;
				SWIFT_VERSION = 5.0;
				TARGETED_DEVICE_FAMILY = "1,2";
				TEST_HOST = "$(BUILT_PRODUCTS_DIR)/GithubApp.app/GithubApp";
			};
			name = Release;
		};
		7625A4CF27218F8900B9E526 /* Debug */ = {
			isa = XCBuildConfiguration;
			baseConfigurationReference = D17B1BDD98194A84E759A794 /* Pods-GithubApp-GithubAppUITests.debug.xcconfig */;
			buildSettings = {
				ALWAYS_EMBED_SWIFT_STANDARD_LIBRARIES = YES;
				CODE_SIGN_STYLE = Automatic;
				CURRENT_PROJECT_VERSION = 1;
				DEVELOPMENT_TEAM = 7A464AFW63;
				GENERATE_INFOPLIST_FILE = YES;
				LD_RUNPATH_SEARCH_PATHS = (
					"$(inherited)",
					"@executable_path/Frameworks",
					"@loader_path/Frameworks",
				);
				MARKETING_VERSION = 1.0;
				PRODUCT_BUNDLE_IDENTIFIER = co.zzisun.GithubAppUITests;
				PRODUCT_NAME = "$(TARGET_NAME)";
				SWIFT_EMIT_LOC_STRINGS = NO;
				SWIFT_VERSION = 5.0;
				TARGETED_DEVICE_FAMILY = "1,2";
				TEST_TARGET_NAME = GithubApp;
			};
			name = Debug;
		};
		7625A4D027218F8900B9E526 /* Release */ = {
			isa = XCBuildConfiguration;
			baseConfigurationReference = 1C534CE422484A408F78E472 /* Pods-GithubApp-GithubAppUITests.release.xcconfig */;
			buildSettings = {
				ALWAYS_EMBED_SWIFT_STANDARD_LIBRARIES = YES;
				CODE_SIGN_STYLE = Automatic;
				CURRENT_PROJECT_VERSION = 1;
				DEVELOPMENT_TEAM = 7A464AFW63;
				GENERATE_INFOPLIST_FILE = YES;
				LD_RUNPATH_SEARCH_PATHS = (
					"$(inherited)",
					"@executable_path/Frameworks",
					"@loader_path/Frameworks",
				);
				MARKETING_VERSION = 1.0;
				PRODUCT_BUNDLE_IDENTIFIER = co.zzisun.GithubAppUITests;
				PRODUCT_NAME = "$(TARGET_NAME)";
				SWIFT_EMIT_LOC_STRINGS = NO;
				SWIFT_VERSION = 5.0;
				TARGETED_DEVICE_FAMILY = "1,2";
				TEST_TARGET_NAME = GithubApp;
			};
			name = Release;
		};
/* End XCBuildConfiguration section */

/* Begin XCConfigurationList section */
		7625A49927218F8700B9E526 /* Build configuration list for PBXProject "GithubApp" */ = {
			isa = XCConfigurationList;
			buildConfigurations = (
				7625A4C627218F8900B9E526 /* Debug */,
				7625A4C727218F8900B9E526 /* Release */,
			);
			defaultConfigurationIsVisible = 0;
			defaultConfigurationName = Release;
		};
		7625A4C827218F8900B9E526 /* Build configuration list for PBXNativeTarget "GithubApp" */ = {
			isa = XCConfigurationList;
			buildConfigurations = (
				7625A4C927218F8900B9E526 /* Debug */,
				7625A4CA27218F8900B9E526 /* Release */,
			);
			defaultConfigurationIsVisible = 0;
			defaultConfigurationName = Release;
		};
		7625A4CB27218F8900B9E526 /* Build configuration list for PBXNativeTarget "GithubAppTests" */ = {
			isa = XCConfigurationList;
			buildConfigurations = (
				7625A4CC27218F8900B9E526 /* Debug */,
				7625A4CD27218F8900B9E526 /* Release */,
			);
			defaultConfigurationIsVisible = 0;
			defaultConfigurationName = Release;
		};
		7625A4CE27218F8900B9E526 /* Build configuration list for PBXNativeTarget "GithubAppUITests" */ = {
			isa = XCConfigurationList;
			buildConfigurations = (
				7625A4CF27218F8900B9E526 /* Debug */,
				7625A4D027218F8900B9E526 /* Release */,
			);
			defaultConfigurationIsVisible = 0;
			defaultConfigurationName = Release;
		};
/* End XCConfigurationList section */
	};
	rootObject = 7625A49627218F8700B9E526 /* Project object */;
}
